
Microsoft Visual Studio Solution File, Format Version 10.00
# Visual Studio 2008
Project("{8BC9CEB8-8B4A-11D0-8D11-00A0C91BC942}") = "Fold_New", "Fold_New\Fold_New.vcproj", "{3555BD1B-5B3C-4DED-B0A8-C2AFC0EDB232}"
EndProject
Global
	GlobalSection(SolutionConfigurationPlatforms) = preSolution
		Debug|Win32 = Debug|Win32
		Release|Win32 = Release|Win32
	EndGlobalSection
	GlobalSection(ProjectConfigurationPlatforms) = postSolution
		{3555BD1B-5B3C-4DED-B0A8-C2AFC0EDB232}.Debug|Win32.ActiveCfg = Debug|Win32
		{3555BD1B-5B3C-4DED-B0A8-C2AFC0EDB232}.Debug|Win32.Build.0 = Debug|Win32
		{3555BD1B-5B3C-4DED-B0A8-C2AFC0EDB232}.Release|Win32.ActiveCfg = Release|Win32
		{3555BD1B-5B3C-4DED-B0A8-C2AFC0EDB232}.Release|Win32.Build.0 = Release|Win32
	EndGlobalSection
	GlobalSection(SolutionProperties) = preSolution
		HideSolutionNode = FALSE
	EndGlobalSection
EndGlobal
