
Microsoft Visual Studio Solution File, Format Version 10.00
# Visual Studio 2008
Project("{8BC9CEB8-8B4A-11D0-8D11-00A0C91BC942}") = "CodeFransform", "CodeFransform\CodeFransform.vcproj", "{AB411D46-2353-44CA-89FD-A0BC01065B13}"
EndProject
Global
	GlobalSection(SolutionConfigurationPlatforms) = preSolution
		Debug|Win32 = Debug|Win32
		Release|Win32 = Release|Win32
	EndGlobalSection
	GlobalSection(ProjectConfigurationPlatforms) = postSolution
		{AB411D46-2353-44CA-89FD-A0BC01065B13}.Debug|Win32.ActiveCfg = Debug|Win32
		{AB411D46-2353-44CA-89FD-A0BC01065B13}.Debug|Win32.Build.0 = Debug|Win32
		{AB411D46-2353-44CA-89FD-A0BC01065B13}.Release|Win32.ActiveCfg = Release|Win32
		{AB411D46-2353-44CA-89FD-A0BC01065B13}.Release|Win32.Build.0 = Release|Win32
	EndGlobalSection
	GlobalSection(SolutionProperties) = preSolution
		HideSolutionNode = FALSE
	EndGlobalSection
EndGlobal
